<Solution Description="Visual Studio slnx file generated by Premake" Version="1.4">
  <Configurations>
    <BuildType Name="Debug" />
    <BuildType Name="Dist" />
    <BuildType Name="Release" />
    <Platform Name="x64" />
  </Configurations>
  <Project Path="vendor\basis_universal.vcxproj" Id="2FCD5720-9B58-C5E4-A469-48D9107421E5">
  </Project>
  <Project Path="vendor\coost.vcxproj" Id="8D3F3D0F-F953-65C0-C2D5-08202EA961F1">
  </Project>
  <Project Path="editor\editor.vcxproj" Id="AC2EC5FA-98D0-EFD0-818B-03256DCC7621">
  </Project>
  <Project Path="engine\engine.vcxproj" Id="FBDB78FB-E77D-A3D1-D038-B725BC792A22">
  </Project>
  <Project Path="vendor\glfw.vcxproj" Id="9563977C-819A-980D-2A87-7E10169D140F">
  </Project>
  <Project Path="vendor\imgui.vcxproj" Id="0098A80F-6CAC-D0C0-352E-7420A101CDF1">
  </Project>
  <Project Path="vendor\meshoptimizer.vcxproj" Id="75046AD2-E1C4-E508-AAFF-2E86167F2AE5">
  </Project>
  <Project Path="sandbox\sandbox.vcxproj" Id="145A6C82-8039-EB1D-8951-76F4F5AF517F" DefaultStartup="true">
  </Project>
  <Project Path="vendor\spdlog.vcxproj" Id="8EAD431C-7A4F-6EF2-630A-82464F4BF542">
  </Project>
  <Project Path="vendor\vk-bootstrap.vcxproj" Id="91F412DC-7D57-A280-26DD-DA36121F6E03">
  </Project>
</Solution>